
Microsoft Visual Studio Solution File, Format Version 12.00
# Visual Studio Version 16
VisualStudioVersion = 16.0.31205.134
MinimumVisualStudioVersion = 10.0.40219.1
Project("{FAE04EC0-301F-11D3-BF4B-00C04F79EFBC}") = "SDRestaurantRaterAPI", "SDRestaurantRaterAPI\SDRestaurantRaterAPI.csproj", "{F7EF067E-766E-4205-A42D-46E957164E7D}"
EndProject
Global
	GlobalSection(SolutionConfigurationPlatforms) = preSolution
		Debug|Any CPU = Debug|Any CPU
		Release|Any CPU = Release|Any CPU
	EndGlobalSection
	GlobalSection(ProjectConfigurationPlatforms) = postSolution
		{F7EF067E-766E-4205-A42D-46E957164E7D}.Debug|Any CPU.ActiveCfg = Debug|Any CPU
		{F7EF067E-766E-4205-A42D-46E957164E7D}.Debug|Any CPU.Build.0 = Debug|Any CPU
		{F7EF067E-766E-4205-A42D-46E957164E7D}.Release|Any CPU.ActiveCfg = Release|Any CPU
		{F7EF067E-766E-4205-A42D-46E957164E7D}.Release|Any CPU.Build.0 = Release|Any CPU
	EndGlobalSection
	GlobalSection(SolutionProperties) = preSolution
		HideSolutionNode = FALSE
	EndGlobalSection
	GlobalSection(ExtensibilityGlobals) = postSolution
		SolutionGuid = {32B3A5DF-0A88-4674-BC5A-71757994FB29}
	EndGlobalSection
EndGlobal
